
Microsoft Visual Studio Solution File, Format Version 12.00
# Visual Studio 2012
Project("{F184B08F-C81C-45F6-A57F-5ABD9991F28F}") = "Cerruti Project", "Cerruti Project\Cerruti Project.vbproj", "{9F3A0D71-F7BF-4813-9E14-AB212E42AC6F}"
EndProject
Global
	GlobalSection(SolutionConfigurationPlatforms) = preSolution
		Debug|Any CPU = Debug|Any CPU
		Release|Any CPU = Release|Any CPU
	EndGlobalSection
	GlobalSection(ProjectConfigurationPlatforms) = postSolution
		{9F3A0D71-F7BF-4813-9E14-AB212E42AC6F}.Debug|Any CPU.ActiveCfg = Debug|Any CPU
		{9F3A0D71-F7BF-4813-9E14-AB212E42AC6F}.Debug|Any CPU.Build.0 = Debug|Any CPU
		{9F3A0D71-F7BF-4813-9E14-AB212E42AC6F}.Release|Any CPU.ActiveCfg = Release|Any CPU
		{9F3A0D71-F7BF-4813-9E14-AB212E42AC6F}.Release|Any CPU.Build.0 = Release|Any CPU
	EndGlobalSection
	GlobalSection(SolutionProperties) = preSolution
		HideSolutionNode = FALSE
	EndGlobalSection
EndGlobal
